// !$*UTF8*$!
{
	archiveVersion = 1;
	classes = {
	};
	objectVersion = 50;
	objects = {

/* Begin PBXBuildFile section */
		C70CCA2F2156C415009A7A62 /* AppDelegate.swift in Sources */ = {isa = PBXBuildFile; fileRef = C70CCA2E2156C415009A7A62 /* AppDelegate.swift */; };
		C70CCA312156C415009A7A62 /* ViewController.swift in Sources */ = {isa = PBXBuildFile; fileRef = C70CCA302156C415009A7A62 /* ViewController.swift */; };
		C70CCA342156C415009A7A62 /* Main.storyboard in Resources */ = {isa = PBXBuildFile; fileRef = C70CCA322156C415009A7A62 /* Main.storyboard */; };
		C70CCA362156C417009A7A62 /* Assets.xcassets in Resources */ = {isa = PBXBuildFile; fileRef = C70CCA352156C417009A7A62 /* Assets.xcassets */; };
		C70CCA392156C417009A7A62 /* LaunchScreen.storyboard in Resources */ = {isa = PBXBuildFile; fileRef = C70CCA372156C417009A7A62 /* LaunchScreen.storyboard */; };
		C70CCA412156CCA9009A7A62 /* BusinessRules.swift in Sources */ = {isa = PBXBuildFile; fileRef = C70CCA402156CCA9009A7A62 /* BusinessRules.swift */; };
		C70CCA432156D275009A7A62 /* Entrant.swift in Sources */ = {isa = PBXBuildFile; fileRef = C70CCA422156D275009A7A62 /* Entrant.swift */; };
		C70CCA472156F328009A7A62 /* PersonalInfo.swift in Sources */ = {isa = PBXBuildFile; fileRef = C70CCA462156F328009A7A62 /* PersonalInfo.swift */; };
		C70CCA4921588F99009A7A62 /* AccessTypes.swift in Sources */ = {isa = PBXBuildFile; fileRef = C70CCA4821588F99009A7A62 /* AccessTypes.swift */; };
		C70CCA4B21589FA2009A7A62 /* Errors.swift in Sources */ = {isa = PBXBuildFile; fileRef = C70CCA4A21589FA2009A7A62 /* Errors.swift */; };
		C76987AD21FF93E000ABE759 /* AccessTesting.swift in Sources */ = {isa = PBXBuildFile; fileRef = C76987AC21FF93E000ABE759 /* AccessTesting.swift */; };
		C76987AF2203BA4D00ABE759 /* ExtensionToolBar.swift in Sources */ = {isa = PBXBuildFile; fileRef = C76987AE2203BA4D00ABE759 /* ExtensionToolBar.swift */; };
		C76987B12203BB8900ABE759 /* ViewControllerExtension.swift in Sources */ = {isa = PBXBuildFile; fileRef = C76987B02203BB8900ABE759 /* ViewControllerExtension.swift */; };
		C76987B322078D1200ABE759 /* DataPopulation.swift in Sources */ = {isa = PBXBuildFile; fileRef = C76987B222078D1200ABE759 /* DataPopulation.swift */; };
		C76987B5220F934F00ABE759 /* ValidatorExtension.swift in Sources */ = {isa = PBXBuildFile; fileRef = C76987B4220F934F00ABE759 /* ValidatorExtension.swift */; };
		C79D3CB821813C2700195AE6 /* CreateNewPass.storyboard in Resources */ = {isa = PBXBuildFile; fileRef = C79D3CB621813C2700195AE6 /* CreateNewPass.storyboard */; };
		C7AEC250217D9CC400EB0F19 /* CreateNewPassViewController.swift in Sources */ = {isa = PBXBuildFile; fileRef = C7AEC24F217D9CC400EB0F19 /* CreateNewPassViewController.swift */; };
		C7C8BF942159AE79006CAF4B /* Swiper.swift in Sources */ = {isa = PBXBuildFile; fileRef = C7C8BF932159AE79006CAF4B /* Swiper.swift */; };
		C7C8BF98215AD058006CAF4B /* Validator.swift in Sources */ = {isa = PBXBuildFile; fileRef = C7C8BF97215AD058006CAF4B /* Validator.swift */; };
		C7C8BF9A215C294B006CAF4B /* Audio.swift in Sources */ = {isa = PBXBuildFile; fileRef = C7C8BF99215C294A006CAF4B /* Audio.swift */; };
		C7C8BF9E215C2AC8006CAF4B /* AccessGranted.wav in Resources */ = {isa = PBXBuildFile; fileRef = C7C8BF9C215C2AC8006CAF4B /* AccessGranted.wav */; };
		C7C8BF9F215C2AC8006CAF4B /* AccessDenied.wav in Resources */ = {isa = PBXBuildFile; fileRef = C7C8BF9D215C2AC8006CAF4B /* AccessDenied.wav */; };
/* End PBXBuildFile section */

/* Begin PBXFileReference section */
		C70CCA2B2156C415009A7A62 /* AmusementParkPassGenerator.app */ = {isa = PBXFileReference; explicitFileType = wrapper.application; includeInIndex = 0; path = AmusementParkPassGenerator.app; sourceTree = BUILT_PRODUCTS_DIR; };
		C70CCA2E2156C415009A7A62 /* AppDelegate.swift */ = {isa = PBXFileReference; lastKnownFileType = sourcecode.swift; path = AppDelegate.swift; sourceTree = "<group>"; };
		C70CCA302156C415009A7A62 /* ViewController.swift */ = {isa = PBXFileReference; lastKnownFileType = sourcecode.swift; path = ViewController.swift; sourceTree = "<group>"; };
		C70CCA332156C415009A7A62 /* Base */ = {isa = PBXFileReference; lastKnownFileType = file.storyboard; name = Base; path = Base.lproj/Main.storyboard; sourceTree = "<group>"; };
		C70CCA352156C417009A7A62 /* Assets.xcassets */ = {isa = PBXFileReference; lastKnownFileType = folder.assetcatalog; path = Assets.xcassets; sourceTree = "<group>"; };
		C70CCA382156C417009A7A62 /* Base */ = {isa = PBXFileReference; lastKnownFileType = file.storyboard; name = Base; path = Base.lproj/LaunchScreen.storyboard; sourceTree = "<group>"; };
		C70CCA3A2156C417009A7A62 /* Info.plist */ = {isa = PBXFileReference; lastKnownFileType = text.plist.xml; path = Info.plist; sourceTree = "<group>"; };
		C70CCA402156CCA9009A7A62 /* BusinessRules.swift */ = {isa = PBXFileReference; lastKnownFileType = sourcecode.swift; path = BusinessRules.swift; sourceTree = "<group>"; };
		C70CCA422156D275009A7A62 /* Entrant.swift */ = {isa = PBXFileReference; lastKnownFileType = sourcecode.swift; path = Entrant.swift; sourceTree = "<group>"; };
		C70CCA462156F328009A7A62 /* PersonalInfo.swift */ = {isa = PBXFileReference; lastKnownFileType = sourcecode.swift; path = PersonalInfo.swift; sourceTree = "<group>"; };
		C70CCA4821588F99009A7A62 /* AccessTypes.swift */ = {isa = PBXFileReference; lastKnownFileType = sourcecode.swift; path = AccessTypes.swift; sourceTree = "<group>"; };
		C70CCA4A21589FA2009A7A62 /* Errors.swift */ = {isa = PBXFileReference; lastKnownFileType = sourcecode.swift; path = Errors.swift; sourceTree = "<group>"; };
		C76987AC21FF93E000ABE759 /* AccessTesting.swift */ = {isa = PBXFileReference; lastKnownFileType = sourcecode.swift; path = AccessTesting.swift; sourceTree = "<group>"; };
		C76987AE2203BA4D00ABE759 /* ExtensionToolBar.swift */ = {isa = PBXFileReference; lastKnownFileType = sourcecode.swift; path = ExtensionToolBar.swift; sourceTree = "<group>"; };
		C76987B02203BB8900ABE759 /* ViewControllerExtension.swift */ = {isa = PBXFileReference; lastKnownFileType = sourcecode.swift; path = ViewControllerExtension.swift; sourceTree = "<group>"; };
		C76987B222078D1200ABE759 /* DataPopulation.swift */ = {isa = PBXFileReference; lastKnownFileType = sourcecode.swift; path = DataPopulation.swift; sourceTree = "<group>"; };
		C76987B4220F934F00ABE759 /* ValidatorExtension.swift */ = {isa = PBXFileReference; lastKnownFileType = sourcecode.swift; path = ValidatorExtension.swift; sourceTree = "<group>"; };
		C79D3CB721813C2700195AE6 /* Base */ = {isa = PBXFileReference; lastKnownFileType = file.storyboard; name = Base; path = AmusementParkPassGenerator/Base.lproj/CreateNewPass.storyboard; sourceTree = "<group>"; };
		C7AEC24F217D9CC400EB0F19 /* CreateNewPassViewController.swift */ = {isa = PBXFileReference; lastKnownFileType = sourcecode.swift; path = CreateNewPassViewController.swift; sourceTree = "<group>"; };
		C7C8BF932159AE79006CAF4B /* Swiper.swift */ = {isa = PBXFileReference; lastKnownFileType = sourcecode.swift; path = Swiper.swift; sourceTree = "<group>"; };
		C7C8BF97215AD058006CAF4B /* Validator.swift */ = {isa = PBXFileReference; lastKnownFileType = sourcecode.swift; path = Validator.swift; sourceTree = "<group>"; };
		C7C8BF99215C294A006CAF4B /* Audio.swift */ = {isa = PBXFileReference; lastKnownFileType = sourcecode.swift; path = Audio.swift; sourceTree = "<group>"; };
		C7C8BF9C215C2AC8006CAF4B /* AccessGranted.wav */ = {isa = PBXFileReference; lastKnownFileType = audio.wav; path = AccessGranted.wav; sourceTree = "<group>"; };
		C7C8BF9D215C2AC8006CAF4B /* AccessDenied.wav */ = {isa = PBXFileReference; lastKnownFileType = audio.wav; path = AccessDenied.wav; sourceTree = "<group>"; };
/* End PBXFileReference section */

/* Begin PBXFrameworksBuildPhase section */
		C70CCA282156C415009A7A62 /* Frameworks */ = {
			isa = PBXFrameworksBuildPhase;
			buildActionMask = 2147483647;
			files = (
			);
			runOnlyForDeploymentPostprocessing = 0;
		};
/* End PBXFrameworksBuildPhase section */

/* Begin PBXGroup section */
		C70CCA222156C415009A7A62 = {
			isa = PBXGroup;
			children = (
				C70CCA2D2156C415009A7A62 /* AmusementParkPassGenerator */,
				C70CCA2C2156C415009A7A62 /* Products */,
			);
			sourceTree = "<group>";
		};
		C70CCA2C2156C415009A7A62 /* Products */ = {
			isa = PBXGroup;
			children = (
				C70CCA2B2156C415009A7A62 /* AmusementParkPassGenerator.app */,
			);
			name = Products;
			sourceTree = "<group>";
		};
		C70CCA2D2156C415009A7A62 /* AmusementParkPassGenerator */ = {
			isa = PBXGroup;
			children = (
				C7C8BF9B215C2AB8006CAF4B /* Resources */,
				C70CCA2E2156C415009A7A62 /* AppDelegate.swift */,
				C70CCA302156C415009A7A62 /* ViewController.swift */,
				C76987B02203BB8900ABE759 /* ViewControllerExtension.swift */,
				C76987AE2203BA4D00ABE759 /* ExtensionToolBar.swift */,
				C7AEC24F217D9CC400EB0F19 /* CreateNewPassViewController.swift */,
				C76987B222078D1200ABE759 /* DataPopulation.swift */,
				C70CCA402156CCA9009A7A62 /* BusinessRules.swift */,
				C7C8BF932159AE79006CAF4B /* Swiper.swift */,
				C7C8BF97215AD058006CAF4B /* Validator.swift */,
				C76987B4220F934F00ABE759 /* ValidatorExtension.swift */,
				C76987AC21FF93E000ABE759 /* AccessTesting.swift */,
				C70CCA4821588F99009A7A62 /* AccessTypes.swift */,
				C70CCA422156D275009A7A62 /* Entrant.swift */,
				C70CCA462156F328009A7A62 /* PersonalInfo.swift */,
				C70CCA4A21589FA2009A7A62 /* Errors.swift */,
				C70CCA322156C415009A7A62 /* Main.storyboard */,
				C79D3CB621813C2700195AE6 /* CreateNewPass.storyboard */,
				C7C8BF99215C294A006CAF4B /* Audio.swift */,
				C70CCA352156C417009A7A62 /* Assets.xcassets */,
				C70CCA372156C417009A7A62 /* LaunchScreen.storyboard */,
				C70CCA3A2156C417009A7A62 /* Info.plist */,
			);
			path = AmusementParkPassGenerator;
			sourceTree = "<group>";
		};
		C7C8BF9B215C2AB8006CAF4B /* Resources */ = {
			isa = PBXGroup;
			children = (
				C7C8BF9D215C2AC8006CAF4B /* AccessDenied.wav */,
				C7C8BF9C215C2AC8006CAF4B /* AccessGranted.wav */,
			);
			path = Resources;
			sourceTree = "<group>";
		};
/* End PBXGroup section */

/* Begin PBXNativeTarget section */
		C70CCA2A2156C415009A7A62 /* AmusementParkPassGenerator */ = {
			isa = PBXNativeTarget;
			buildConfigurationList = C70CCA3D2156C417009A7A62 /* Build configuration list for PBXNativeTarget "AmusementParkPassGenerator" */;
			buildPhases = (
				C70CCA272156C415009A7A62 /* Sources */,
				C70CCA282156C415009A7A62 /* Frameworks */,
				C70CCA292156C415009A7A62 /* Resources */,
			);
			buildRules = (
			);
			dependencies = (
			);
			name = AmusementParkPassGenerator;
			productName = AmusementParkPassGenerator;
			productReference = C70CCA2B2156C415009A7A62 /* AmusementParkPassGenerator.app */;
			productType = "com.apple.product-type.application";
		};
/* End PBXNativeTarget section */

/* Begin PBXProject section */
		C70CCA232156C415009A7A62 /* Project object */ = {
			isa = PBXProject;
			attributes = {
				LastSwiftUpdateCheck = 0940;
				LastUpgradeCheck = 0940;
				ORGANIZATIONNAME = "Ievgeniia Bondini";
				TargetAttributes = {
					C70CCA2A2156C415009A7A62 = {
						CreatedOnToolsVersion = 9.4.1;
					};
				};
			};
			buildConfigurationList = C70CCA262156C415009A7A62 /* Build configuration list for PBXProject "AmusementParkPassGenerator" */;
			compatibilityVersion = "Xcode 9.3";
			developmentRegion = en;
			hasScannedForEncodings = 0;
			knownRegions = (
				en,
				Base,
			);
			mainGroup = C70CCA222156C415009A7A62;
			productRefGroup = C70CCA2C2156C415009A7A62 /* Products */;
			projectDirPath = "";
			projectRoot = "";
			targets = (
				C70CCA2A2156C415009A7A62 /* AmusementParkPassGenerator */,
			);
		};
/* End PBXProject section */

/* Begin PBXResourcesBuildPhase section */
		C70CCA292156C415009A7A62 /* Resources */ = {
			isa = PBXResourcesBuildPhase;
			buildActionMask = 2147483647;
			files = (
				C7C8BF9E215C2AC8006CAF4B /* AccessGranted.wav in Resources */,
				C70CCA392156C417009A7A62 /* LaunchScreen.storyboard in Resources */,
				C79D3CB821813C2700195AE6 /* CreateNewPass.storyboard in Resources */,
				C70CCA362156C417009A7A62 /* Assets.xcassets in Resources */,
				C7C8BF9F215C2AC8006CAF4B /* AccessDenied.wav in Resources */,
				C70CCA342156C415009A7A62 /* Main.storyboard in Resources */,
			);
			runOnlyForDeploymentPostprocessing = 0;
		};
/* End PBXResourcesBuildPhase section */

/* Begin PBXSourcesBuildPhase section */
		C70CCA272156C415009A7A62 /* Sources */ = {
			isa = PBXSourcesBuildPhase;
			buildActionMask = 2147483647;
			files = (
				C76987AD21FF93E000ABE759 /* AccessTesting.swift in Sources */,
				C76987AF2203BA4D00ABE759 /* ExtensionToolBar.swift in Sources */,
				C70CCA432156D275009A7A62 /* Entrant.swift in Sources */,
				C70CCA412156CCA9009A7A62 /* BusinessRules.swift in Sources */,
				C76987B322078D1200ABE759 /* DataPopulation.swift in Sources */,
				C7C8BF9A215C294B006CAF4B /* Audio.swift in Sources */,
				C76987B5220F934F00ABE759 /* ValidatorExtension.swift in Sources */,
				C70CCA312156C415009A7A62 /* ViewController.swift in Sources */,
				C70CCA2F2156C415009A7A62 /* AppDelegate.swift in Sources */,
				C70CCA4921588F99009A7A62 /* AccessTypes.swift in Sources */,
				C76987B12203BB8900ABE759 /* ViewControllerExtension.swift in Sources */,
				C7C8BF942159AE79006CAF4B /* Swiper.swift in Sources */,
				C7AEC250217D9CC400EB0F19 /* CreateNewPassViewController.swift in Sources */,
				C70CCA4B21589FA2009A7A62 /* Errors.swift in Sources */,
				C7C8BF98215AD058006CAF4B /* Validator.swift in Sources */,
				C70CCA472156F328009A7A62 /* PersonalInfo.swift in Sources */,
			);
			runOnlyForDeploymentPostprocessing = 0;
		};
/* End PBXSourcesBuildPhase section */

/* Begin PBXVariantGroup section */
		C70CCA322156C415009A7A62 /* Main.storyboard */ = {
			isa = PBXVariantGroup;
			children = (
				C70CCA332156C415009A7A62 /* Base */,
			);
			name = Main.storyboard;
			sourceTree = "<group>";
		};
		C70CCA372156C417009A7A62 /* LaunchScreen.storyboard */ = {
			isa = PBXVariantGroup;
			children = (
				C70CCA382156C417009A7A62 /* Base */,
			);
			name = LaunchScreen.storyboard;
			sourceTree = "<group>";
		};
		C79D3CB621813C2700195AE6 /* CreateNewPass.storyboard */ = {
			isa = PBXVariantGroup;
			children = (
				C79D3CB721813C2700195AE6 /* Base */,
			);
			name = CreateNewPass.storyboard;
			sourceTree = "<group>";
		};
/* End PBXVariantGroup section */

/* Begin XCBuildConfiguration section */
		C70CCA3B2156C417009A7A62 /* Debug */ = {
			isa = XCBuildConfiguration;
			buildSettings = {
				ALWAYS_SEARCH_USER_PATHS = NO;
				CLANG_ANALYZER_NONNULL = YES;
				CLANG_ANALYZER_NUMBER_OBJECT_CONVERSION = YES_AGGRESSIVE;
				CLANG_CXX_LANGUAGE_STANDARD = "gnu++14";
				CLANG_CXX_LIBRARY = "libc++";
				CLANG_ENABLE_MODULES = YES;
				CLANG_ENABLE_OBJC_ARC = YES;
				CLANG_ENABLE_OBJC_WEAK = YES;
				CLANG_WARN_BLOCK_CAPTURE_AUTORELEASING = YES;
				CLANG_WARN_BOOL_CONVERSION = YES;
				CLANG_WARN_COMMA = YES;
				CLANG_WARN_CONSTANT_CONVERSION = YES;
				CLANG_WARN_DEPRECATED_OBJC_IMPLEMENTATIONS = YES;
				CLANG_WARN_DIRECT_OBJC_ISA_USAGE = YES_ERROR;
				CLANG_WARN_DOCUMENTATION_COMMENTS = YES;
				CLANG_WARN_EMPTY_BODY = YES;
				CLANG_WARN_ENUM_CONVERSION = YES;
				CLANG_WARN_INFINITE_RECURSION = YES;
				CLANG_WARN_INT_CONVERSION = YES;
				CLANG_WARN_NON_LITERAL_NULL_CONVERSION = YES;
				CLANG_WARN_OBJC_IMPLICIT_RETAIN_SELF = YES;
				CLANG_WARN_OBJC_LITERAL_CONVERSION = YES;
				CLANG_WARN_OBJC_ROOT_CLASS = YES_ERROR;
				CLANG_WARN_RANGE_LOOP_ANALYSIS = YES;
				CLANG_WARN_STRICT_PROTOTYPES = YES;
				CLANG_WARN_SUSPICIOUS_MOVE = YES;
				CLANG_WARN_UNGUARDED_AVAILABILITY = YES_AGGRESSIVE;
				CLANG_WARN_UNREACHABLE_CODE = YES;
				CLANG_WARN__DUPLICATE_METHOD_MATCH = YES;
				CODE_SIGN_IDENTITY = "iPhone Developer";
				COPY_PHASE_STRIP = NO;
				DEBUG_INFORMATION_FORMAT = dwarf;
				ENABLE_STRICT_OBJC_MSGSEND = YES;
				ENABLE_TESTABILITY = YES;
				GCC_C_LANGUAGE_STANDARD = gnu11;
				GCC_DYNAMIC_NO_PIC = NO;
				GCC_NO_COMMON_BLOCKS = YES;
				GCC_OPTIMIZATION_LEVEL = 0;
				GCC_PREPROCESSOR_DEFINITIONS = (
					"DEBUG=1",
					"$(inherited)",
				);
				GCC_WARN_64_TO_32_BIT_CONVERSION = YES;
				GCC_WARN_ABOUT_RETURN_TYPE = YES_ERROR;
				GCC_WARN_UNDECLARED_SELECTOR = YES;
				GCC_WARN_UNINITIALIZED_AUTOS = YES_AGGRESSIVE;
				GCC_WARN_UNUSED_FUNCTION = YES;
				GCC_WARN_UNUSED_VARIABLE = YES;
				IPHONEOS_DEPLOYMENT_TARGET = 11.4;
				MTL_ENABLE_DEBUG_INFO = YES;
				ONLY_ACTIVE_ARCH = YES;
				SDKROOT = iphoneos;
				SWIFT_ACTIVE_COMPILATION_CONDITIONS = DEBUG;
				SWIFT_OPTIMIZATION_LEVEL = "-Onone";
				SWIFT_VERSION = 4.2;
			};
			name = Debug;
		};
		C70CCA3C2156C417009A7A62 /* Release */ = {
			isa = XCBuildConfiguration;
			buildSettings = {
				ALWAYS_SEARCH_USER_PATHS = NO;
				CLANG_ANALYZER_NONNULL = YES;
				CLANG_ANALYZER_NUMBER_OBJECT_CONVERSION = YES_AGGRESSIVE;
				CLANG_CXX_LANGUAGE_STANDARD = "gnu++14";
				CLANG_CXX_LIBRARY = "libc++";
				CLANG_ENABLE_MODULES = YES;
				CLANG_ENABLE_OBJC_ARC = YES;
				CLANG_ENABLE_OBJC_WEAK = YES;
				CLANG_WARN_BLOCK_CAPTURE_AUTORELEASING = YES;
				CLANG_WARN_BOOL_CONVERSION = YES;
				CLANG_WARN_COMMA = YES;
				CLANG_WARN_CONSTANT_CONVERSION = YES;
				CLANG_WARN_DEPRECATED_OBJC_IMPLEMENTATIONS = YES;
				CLANG_WARN_DIRECT_OBJC_ISA_USAGE = YES_ERROR;
				CLANG_WARN_DOCUMENTATION_COMMENTS = YES;
				CLANG_WARN_EMPTY_BODY = YES;
				CLANG_WARN_ENUM_CONVERSION = YES;
				CLANG_WARN_INFINITE_RECURSION = YES;
				CLANG_WARN_INT_CONVERSION = YES;
				CLANG_WARN_NON_LITERAL_NULL_CONVERSION = YES;
				CLANG_WARN_OBJC_IMPLICIT_RETAIN_SELF = YES;
				CLANG_WARN_OBJC_LITERAL_CONVERSION = YES;
				CLANG_WARN_OBJC_ROOT_CLASS = YES_ERROR;
				CLANG_WARN_RANGE_LOOP_ANALYSIS = YES;
				CLANG_WARN_STRICT_PROTOTYPES = YES;
				CLANG_WARN_SUSPICIOUS_MOVE = YES;
				CLANG_WARN_UNGUARDED_AVAILABILITY = YES_AGGRESSIVE;
				CLANG_WARN_UNREACHABLE_CODE = YES;
				CLANG_WARN__DUPLICATE_METHOD_MATCH = YES;
				CODE_SIGN_IDENTITY = "iPhone Developer";
				COPY_PHASE_STRIP = NO;
				DEBUG_INFORMATION_FORMAT = "dwarf-with-dsym";
				ENABLE_NS_ASSERTIONS = NO;
				ENABLE_STRICT_OBJC_MSGSEND = YES;
				GCC_C_LANGUAGE_STANDARD = gnu11;
				GCC_NO_COMMON_BLOCKS = YES;
				GCC_WARN_64_TO_32_BIT_CONVERSION = YES;
				GCC_WARN_ABOUT_RETURN_TYPE = YES_ERROR;
				GCC_WARN_UNDECLARED_SELECTOR = YES;
				GCC_WARN_UNINITIALIZED_AUTOS = YES_AGGRESSIVE;
				GCC_WARN_UNUSED_FUNCTION = YES;
				GCC_WARN_UNUSED_VARIABLE = YES;
				IPHONEOS_DEPLOYMENT_TARGET = 11.4;
				MTL_ENABLE_DEBUG_INFO = NO;
				SDKROOT = iphoneos;
				SWIFT_COMPILATION_MODE = wholemodule;
				SWIFT_OPTIMIZATION_LEVEL = "-O";
				SWIFT_VERSION = 4.2;
				VALIDATE_PRODUCT = YES;
			};
			name = Release;
		};
		C70CCA3E2156C417009A7A62 /* Debug */ = {
			isa = XCBuildConfiguration;
			buildSettings = {
				ASSETCATALOG_COMPILER_APPICON_NAME = AppIcon;
				CODE_SIGN_STYLE = Automatic;
				INFOPLIST_FILE = AmusementParkPassGenerator/Info.plist;
				LD_RUNPATH_SEARCH_PATHS = (
					"$(inherited)",
					"@executable_path/Frameworks",
				);
				PRODUCT_BUNDLE_IDENTIFIER = Evgenia.AmusementParkPassGenerator;
				PRODUCT_NAME = "$(TARGET_NAME)";
				SWIFT_VERSION = 4.2;
				TARGETED_DEVICE_FAMILY = "1,2";
			};
			name = Debug;
		};
		C70CCA3F2156C417009A7A62 /* Release */ = {
			isa = XCBuildConfiguration;
			buildSettings = {
				ASSETCATALOG_COMPILER_APPICON_NAME = AppIcon;
				CODE_SIGN_STYLE = Automatic;
				INFOPLIST_FILE = AmusementParkPassGenerator/Info.plist;
				LD_RUNPATH_SEARCH_PATHS = (
					"$(inherited)",
					"@executable_path/Frameworks",
				);
				PRODUCT_BUNDLE_IDENTIFIER = Evgenia.AmusementParkPassGenerator;
				PRODUCT_NAME = "$(TARGET_NAME)";
				SWIFT_VERSION = 4.2;
				TARGETED_DEVICE_FAMILY = "1,2";
			};
			name = Release;
		};
/* End XCBuildConfiguration section */

/* Begin XCConfigurationList section */
		C70CCA262156C415009A7A62 /* Build configuration list for PBXProject "AmusementParkPassGenerator" */ = {
			isa = XCConfigurationList;
			buildConfigurations = (
				C70CCA3B2156C417009A7A62 /* Debug */,
				C70CCA3C2156C417009A7A62 /* Release */,
			);
			defaultConfigurationIsVisible = 0;
			defaultConfigurationName = Release;
		};
		C70CCA3D2156C417009A7A62 /* Build configuration list for PBXNativeTarget "AmusementParkPassGenerator" */ = {
			isa = XCConfigurationList;
			buildConfigurations = (
				C70CCA3E2156C417009A7A62 /* Debug */,
				C70CCA3F2156C417009A7A62 /* Release */,
			);
			defaultConfigurationIsVisible = 0;
			defaultConfigurationName = Release;
		};
/* End XCConfigurationList section */
	};
	rootObject = C70CCA232156C415009A7A62 /* Project object */;
}
